
Microsoft Visual Studio Solution File, Format Version 12.00
# Visual Studio Version 17
VisualStudioVersion = 17.3.32819.101
MinimumVisualStudioVersion = 10.0.40219.1
Project("{FAE04EC0-301F-11D3-BF4B-00C04F79EFBC}") = "SudokuLibrary1", "SudokuLibrary1.csproj", "{CA0DA94D-B8FE-4E6B-8460-4626EB6D84EC}"
EndProject
Global
	GlobalSection(SolutionConfigurationPlatforms) = preSolution
		Debug|Any CPU = Debug|Any CPU
		Release|Any CPU = Release|Any CPU
	EndGlobalSection
	GlobalSection(ProjectConfigurationPlatforms) = postSolution
		{CA0DA94D-B8FE-4E6B-8460-4626EB6D84EC}.Debug|Any CPU.ActiveCfg = Debug|Any CPU
		{CA0DA94D-B8FE-4E6B-8460-4626EB6D84EC}.Debug|Any CPU.Build.0 = Debug|Any CPU
		{CA0DA94D-B8FE-4E6B-8460-4626EB6D84EC}.Release|Any CPU.ActiveCfg = Release|Any CPU
		{CA0DA94D-B8FE-4E6B-8460-4626EB6D84EC}.Release|Any CPU.Build.0 = Release|Any CPU
	EndGlobalSection
	GlobalSection(SolutionProperties) = preSolution
		HideSolutionNode = FALSE
	EndGlobalSection
	GlobalSection(ExtensibilityGlobals) = postSolution
		SolutionGuid = {A245390E-CBB2-479F-890D-B2624C5255E1}
	EndGlobalSection
EndGlobal
